
Microsoft Visual Studio Solution File, Format Version 12.00
# Visual Studio Version 17
VisualStudioVersion = 17.1.32407.343
MinimumVisualStudioVersion = 10.0.40219.1
Project("{FAE04EC0-301F-11D3-BF4B-00C04F79EFBC}") = "StudentsForms", "StudentsForms.csproj", "{8F98EFE4-E6A1-4885-9734-83A28031A52E}"
EndProject
Global
	GlobalSection(SolutionConfigurationPlatforms) = preSolution
		Debug|Any CPU = Debug|Any CPU
		Release|Any CPU = Release|Any CPU
	EndGlobalSection
	GlobalSection(ProjectConfigurationPlatforms) = postSolution
		{8F98EFE4-E6A1-4885-9734-83A28031A52E}.Debug|Any CPU.ActiveCfg = Debug|Any CPU
		{8F98EFE4-E6A1-4885-9734-83A28031A52E}.Debug|Any CPU.Build.0 = Debug|Any CPU
		{8F98EFE4-E6A1-4885-9734-83A28031A52E}.Release|Any CPU.ActiveCfg = Release|Any CPU
		{8F98EFE4-E6A1-4885-9734-83A28031A52E}.Release|Any CPU.Build.0 = Release|Any CPU
	EndGlobalSection
	GlobalSection(SolutionProperties) = preSolution
		HideSolutionNode = FALSE
	EndGlobalSection
	GlobalSection(ExtensibilityGlobals) = postSolution
		SolutionGuid = {122319AB-7963-412F-9F17-6DB3611B2170}
	EndGlobalSection
EndGlobal
